PODS:
  - Alamofire (4.2.0)
  - Kingfisher (3.2.2)
  - SnapKit (3.0.2)
  - SwifterSwift (1.3.6)
  - SwiftyTimer (2.0.0)

DEPENDENCIES:
  - Alamofire (~> 4.0)
  - Kingfisher (~> 3.0)
  - SnapKit (~> 3.0.2)
  - SwifterSwift
  - SwiftyTimer

SPEC CHECKSUMS:
  Alamofire: aa2e09d871c9160ac53c90e83c68064a94e3dfbe
  Kingfisher: 821466474ad7ffc375a4aecadfa05068cfed67b3
  SnapKit: 2e456761aa92d4d4067a7a5594c18769d451a8ad
  SwifterSwift: bd0af9f9203b5a367baaf8916f932eba9fd8ac51
  SwiftyTimer: 2efd74b060d69ad4f1496baf5bbedbe132125fcf

PODFILE CHECKSUM: 5095247e9a38fb30b0482d638f0d3493b5357878

COCOAPODS: 1.1.1
