// !$*UTF8*$!
{
	archiveVersion = 1;
	classes = {
	};
	objectVersion = 46;
	objects = {

/* Begin PBXBuildFile section */
		1F4EB8451DDD60D300A1B329 /* CHTCollectionViewWaterfallLayout.swift in Sources */ = {isa = PBXBuildFile; fileRef = 1F4EB8441DDD60D300A1B329 /* CHTCollectionViewWaterfallLayout.swift */; };
		1F6DF5031DB0C613006C885E /* MSJBaseViewController.swift in Sources */ = {isa = PBXBuildFile; fileRef = 1F6DF5021DB0C613006C885E /* MSJBaseViewController.swift */; };
		1F7290CE1DB0BFDE00EF2E8E /* AppDelegate.swift in Sources */ = {isa = PBXBuildFile; fileRef = 1F7290CD1DB0BFDE00EF2E8E /* AppDelegate.swift */; };
		1F7290D31DB0BFDE00EF2E8E /* Main.storyboard in Resources */ = {isa = PBXBuildFile; fileRef = 1F7290D11DB0BFDE00EF2E8E /* Main.storyboard */; };
		1F7290D51DB0BFDE00EF2E8E /* Assets.xcassets in Resources */ = {isa = PBXBuildFile; fileRef = 1F7290D41DB0BFDE00EF2E8E /* Assets.xcassets */; };
		1F7290D81DB0BFDE00EF2E8E /* LaunchScreen.storyboard in Resources */ = {isa = PBXBuildFile; fileRef = 1F7290D61DB0BFDE00EF2E8E /* LaunchScreen.storyboard */; };
		1F81610E1DB22BA900275B19 /* MSJRecommendViewController.swift in Sources */ = {isa = PBXBuildFile; fileRef = 1F81610D1DB22BA900275B19 /* MSJRecommendViewController.swift */; };
		1F8161181DB2617600275B19 /* MSJRecommendTopReusableView.swift in Sources */ = {isa = PBXBuildFile; fileRef = 1F8161171DB2617600275B19 /* MSJRecommendTopReusableView.swift */; };
		1F81611A1DB2618E00275B19 /* MSJRecommendCommonReusableView.swift in Sources */ = {isa = PBXBuildFile; fileRef = 1F8161191DB2618E00275B19 /* MSJRecommendCommonReusableView.swift */; };
		1F81611C1DB264D200275B19 /* MSJRecommendTopReusableLayout.swift in Sources */ = {isa = PBXBuildFile; fileRef = 1F81611B1DB264D200275B19 /* MSJRecommendTopReusableLayout.swift */; };
		1F8161331DB2809700275B19 /* MSJRecommendTopCell.swift in Sources */ = {isa = PBXBuildFile; fileRef = 1F8161321DB2809700275B19 /* MSJRecommendTopCell.swift */; };
		1F8161351DB2813700275B19 /* MSJRecommendTopList.swift in Sources */ = {isa = PBXBuildFile; fileRef = 1F8161341DB2813700275B19 /* MSJRecommendTopList.swift */; };
		1F8161381DB2815200275B19 /* MSJRecommendTopListCell.swift in Sources */ = {isa = PBXBuildFile; fileRef = 1F8161361DB2815200275B19 /* MSJRecommendTopListCell.swift */; };
		1F8161391DB2815200275B19 /* MSJRecommendTopListCell.xib in Resources */ = {isa = PBXBuildFile; fileRef = 1F8161371DB2815200275B19 /* MSJRecommendTopListCell.xib */; };
		1F81613F1DB289AD00275B19 /* UIColor+Extention.swift in Sources */ = {isa = PBXBuildFile; fileRef = 1F81613E1DB289AD00275B19 /* UIColor+Extention.swift */; };
		1FE442301DE2F47E0034D30A /* MSJRecommendFirstSectionCell.swift in Sources */ = {isa = PBXBuildFile; fileRef = 1FE4422E1DE2F47E0034D30A /* MSJRecommendFirstSectionCell.swift */; };
		1FE442311DE2F47E0034D30A /* MSJRecommendFirstSectionCell.xib in Resources */ = {isa = PBXBuildFile; fileRef = 1FE4422F1DE2F47E0034D30A /* MSJRecommendFirstSectionCell.xib */; };
		3983C2101DF84014009868D3 /* MSJRecommendCommonHeaderReusableView.swift in Sources */ = {isa = PBXBuildFile; fileRef = 3983C20E1DF84014009868D3 /* MSJRecommendCommonHeaderReusableView.swift */; };
		3983C2111DF84014009868D3 /* MSJRecommendCommonHeaderReusableView.xib in Resources */ = {isa = PBXBuildFile; fileRef = 3983C20F1DF84014009868D3 /* MSJRecommendCommonHeaderReusableView.xib */; };
		398FA3C81E0260D9002DC320 /* MSJRecommendAdCell.swift in Sources */ = {isa = PBXBuildFile; fileRef = 398FA3C71E0260D9002DC320 /* MSJRecommendAdCell.swift */; };
		39DF307B1DF96A4E0085CDCB /* MSJCycleAdView.swift in Sources */ = {isa = PBXBuildFile; fileRef = 39DF307A1DF96A4E0085CDCB /* MSJCycleAdView.swift */; };
		9D3A8B641E064C0F005E4062 /* MSJRecommendSmallCell.swift in Sources */ = {isa = PBXBuildFile; fileRef = 9D3A8B621E064C0F005E4062 /* MSJRecommendSmallCell.swift */; };
		9D3A8B651E064C0F005E4062 /* MSJRecommendSmallCell.xib in Resources */ = {isa = PBXBuildFile; fileRef = 9D3A8B631E064C0F005E4062 /* MSJRecommendSmallCell.xib */; };
		F1F5EF5336F2641EC9C182E0 /* Pods_MySwiftApp.framework in Frameworks */ = {isa = PBXBuildFile; fileRef = 641353B39579F5A3BE066CAF /* Pods_MySwiftApp.framework */; };
/* End PBXBuildFile section */

/* Begin PBXFileReference section */
		1F4EB8441DDD60D300A1B329 /* CHTCollectionViewWaterfallLayout.swift */ = {isa = PBXFileReference; fileEncoding = 4; lastKnownFileType = sourcecode.swift; path = CHTCollectionViewWaterfallLayout.swift; sourceTree = "<group>"; };
		1F6DF5021DB0C613006C885E /* MSJBaseViewController.swift */ = {isa = PBXFileReference; fileEncoding = 4; lastKnownFileType = sourcecode.swift; path = MSJBaseViewController.swift; sourceTree = "<group>"; };
		1F7290CA1DB0BFDE00EF2E8E /* MySwiftApp.app */ = {isa = PBXFileReference; explicitFileType = wrapper.application; includeInIndex = 0; path = MySwiftApp.app; sourceTree = BUILT_PRODUCTS_DIR; };
		1F7290CD1DB0BFDE00EF2E8E /* AppDelegate.swift */ = {isa = PBXFileReference; lastKnownFileType = sourcecode.swift; name = AppDelegate.swift; path = ../AppDelegate.swift; sourceTree = "<group>"; };
		1F7290D21DB0BFDE00EF2E8E /* Base */ = {isa = PBXFileReference; lastKnownFileType = file.storyboard; name = Base; path = Base.lproj/Main.storyboard; sourceTree = "<group>"; };
		1F7290D41DB0BFDE00EF2E8E /* Assets.xcassets */ = {isa = PBXFileReference; lastKnownFileType = folder.assetcatalog; name = Assets.xcassets; path = ../Assets.xcassets; sourceTree = "<group>"; };
		1F7290D71DB0BFDE00EF2E8E /* Base */ = {isa = PBXFileReference; lastKnownFileType = file.storyboard; name = Base; path = Base.lproj/LaunchScreen.storyboard; sourceTree = "<group>"; };
		1F7290D91DB0BFDE00EF2E8E /* Info.plist */ = {isa = PBXFileReference; lastKnownFileType = text.plist.xml; name = Info.plist; path = ../Info.plist; sourceTree = "<group>"; };
		1F81610D1DB22BA900275B19 /* MSJRecommendViewController.swift */ = {isa = PBXFileReference; fileEncoding = 4; lastKnownFileType = sourcecode.swift; path = MSJRecommendViewController.swift; sourceTree = "<group>"; };
		1F8161171DB2617600275B19 /* MSJRecommendTopReusableView.swift */ = {isa = PBXFileReference; fileEncoding = 4; lastKnownFileType = sourcecode.swift; path = MSJRecommendTopReusableView.swift; sourceTree = "<group>"; };
		1F8161191DB2618E00275B19 /* MSJRecommendCommonReusableView.swift */ = {isa = PBXFileReference; fileEncoding = 4; lastKnownFileType = sourcecode.swift; path = MSJRecommendCommonReusableView.swift; sourceTree = "<group>"; };
		1F81611B1DB264D200275B19 /* MSJRecommendTopReusableLayout.swift */ = {isa = PBXFileReference; fileEncoding = 4; lastKnownFileType = sourcecode.swift; path = MSJRecommendTopReusableLayout.swift; sourceTree = "<group>"; };
		1F8161321DB2809700275B19 /* MSJRecommendTopCell.swift */ = {isa = PBXFileReference; fileEncoding = 4; lastKnownFileType = sourcecode.swift; path = MSJRecommendTopCell.swift; sourceTree = "<group>"; };
		1F8161341DB2813700275B19 /* MSJRecommendTopList.swift */ = {isa = PBXFileReference; fileEncoding = 4; lastKnownFileType = sourcecode.swift; path = MSJRecommendTopList.swift; sourceTree = "<group>"; };
		1F8161361DB2815200275B19 /* MSJRecommendTopListCell.swift */ = {isa = PBXFileReference; fileEncoding = 4; lastKnownFileType = sourcecode.swift; path = MSJRecommendTopListCell.swift; sourceTree = "<group>"; };
		1F8161371DB2815200275B19 /* MSJRecommendTopListCell.xib */ = {isa = PBXFileReference; fileEncoding = 4; lastKnownFileType = file.xib; path = MSJRecommendTopListCell.xib; sourceTree = "<group>"; };
		1F81613E1DB289AD00275B19 /* UIColor+Extention.swift */ = {isa = PBXFileReference; fileEncoding = 4; lastKnownFileType = sourcecode.swift; path = "UIColor+Extention.swift"; sourceTree = "<group>"; };
		1FE4422E1DE2F47E0034D30A /* MSJRecommendFirstSectionCell.swift */ = {isa = PBXFileReference; fileEncoding = 4; lastKnownFileType = sourcecode.swift; path = MSJRecommendFirstSectionCell.swift; sourceTree = "<group>"; };
		1FE4422F1DE2F47E0034D30A /* MSJRecommendFirstSectionCell.xib */ = {isa = PBXFileReference; fileEncoding = 4; lastKnownFileType = file.xib; path = MSJRecommendFirstSectionCell.xib; sourceTree = "<group>"; };
		3983C20E1DF84014009868D3 /* MSJRecommendCommonHeaderReusableView.swift */ = {isa = PBXFileReference; fileEncoding = 4; lastKnownFileType = sourcecode.swift; path = MSJRecommendCommonHeaderReusableView.swift; sourceTree = "<group>"; };
		3983C20F1DF84014009868D3 /* MSJRecommendCommonHeaderReusableView.xib */ = {isa = PBXFileReference; fileEncoding = 4; lastKnownFileType = file.xib; path = MSJRecommendCommonHeaderReusableView.xib; sourceTree = "<group>"; };
		398FA3C71E0260D9002DC320 /* MSJRecommendAdCell.swift */ = {isa = PBXFileReference; fileEncoding = 4; lastKnownFileType = sourcecode.swift; path = MSJRecommendAdCell.swift; sourceTree = "<group>"; };
		39DF307A1DF96A4E0085CDCB /* MSJCycleAdView.swift */ = {isa = PBXFileReference; fileEncoding = 4; lastKnownFileType = sourcecode.swift; path = MSJCycleAdView.swift; sourceTree = "<group>"; };
		4AE2F3C11080BA689AA760C6 /* Pods-MySwiftApp.release.xcconfig */ = {isa = PBXFileReference; includeInIndex = 1; lastKnownFileType = text.xcconfig; name = "Pods-MySwiftApp.release.xcconfig"; path = "Pods/Target Support Files/Pods-MySwiftApp/Pods-MySwiftApp.release.xcconfig"; sourceTree = "<group>"; };
		641353B39579F5A3BE066CAF /* Pods_MySwiftApp.framework */ = {isa = PBXFileReference; explicitFileType = wrapper.framework; includeInIndex = 0; path = Pods_MySwiftApp.framework; sourceTree = BUILT_PRODUCTS_DIR; };
		9D3A8B621E064C0F005E4062 /* MSJRecommendSmallCell.swift */ = {isa = PBXFileReference; fileEncoding = 4; lastKnownFileType = sourcecode.swift; path = MSJRecommendSmallCell.swift; sourceTree = "<group>"; };
		9D3A8B631E064C0F005E4062 /* MSJRecommendSmallCell.xib */ = {isa = PBXFileReference; fileEncoding = 4; lastKnownFileType = file.xib; path = MSJRecommendSmallCell.xib; sourceTree = "<group>"; };
		FD00FC7B896548CA61AC1021 /* Pods-MySwiftApp.debug.xcconfig */ = {isa = PBXFileReference; includeInIndex = 1; lastKnownFileType = text.xcconfig; name = "Pods-MySwiftApp.debug.xcconfig"; path = "Pods/Target Support Files/Pods-MySwiftApp/Pods-MySwiftApp.debug.xcconfig"; sourceTree = "<group>"; };
/* End PBXFileReference section */

/* Begin PBXFrameworksBuildPhase section */
		1F7290C71DB0BFDE00EF2E8E /* Frameworks */ = {
			isa = PBXFrameworksBuildPhase;
			buildActionMask = 2147483647;
			files = (
				F1F5EF5336F2641EC9C182E0 /* Pods_MySwiftApp.framework in Frameworks */,
			);
			runOnlyForDeploymentPostprocessing = 0;
		};
/* End PBXFrameworksBuildPhase section */

/* Begin PBXGroup section */
		1F6DF4FF1DB0C544006C885E /* Other */ = {
			isa = PBXGroup;
			children = (
				1F7290CD1DB0BFDE00EF2E8E /* AppDelegate.swift */,
				1F7290D61DB0BFDE00EF2E8E /* LaunchScreen.storyboard */,
				1F7290D91DB0BFDE00EF2E8E /* Info.plist */,
				1F7290D41DB0BFDE00EF2E8E /* Assets.xcassets */,
			);
			path = Other;
			sourceTree = "<group>";
		};
		1F6DF5001DB0C59F006C885E /* Base */ = {
			isa = PBXGroup;
			children = (
				1F6DF5021DB0C613006C885E /* MSJBaseViewController.swift */,
			);
			path = Base;
			sourceTree = "<group>";
		};
		1F6DF5011DB0C5C0006C885E /* Function */ = {
			isa = PBXGroup;
			children = (
				1F81610C1DB22B7C00275B19 /* Recommend */,
			);
			path = Function;
			sourceTree = "<group>";
		};
		1F7290C11DB0BFDE00EF2E8E = {
			isa = PBXGroup;
			children = (
				1F7290CC1DB0BFDE00EF2E8E /* MySwiftApp */,
				1F7290CB1DB0BFDE00EF2E8E /* Products */,
				673D3100D348438150B5B01D /* Pods */,
				6503440B761C0850A6C163B9 /* Frameworks */,
			);
			sourceTree = "<group>";
		};
		1F7290CB1DB0BFDE00EF2E8E /* Products */ = {
			isa = PBXGroup;
			children = (
				1F7290CA1DB0BFDE00EF2E8E /* MySwiftApp.app */,
			);
			name = Products;
			sourceTree = "<group>";
		};
		1F7290CC1DB0BFDE00EF2E8E /* MySwiftApp */ = {
			isa = PBXGroup;
			children = (
				1F7290D11DB0BFDE00EF2E8E /* Main.storyboard */,
				1F6DF5011DB0C5C0006C885E /* Function */,
				1F8161211DB2690800275B19 /* Extention */,
				1F6DF5001DB0C59F006C885E /* Base */,
				1F6DF4FF1DB0C544006C885E /* Other */,
				39DF30751DF968E40085CDCB /* Tool */,
			);
			path = MySwiftApp;
			sourceTree = "<group>";
		};
		1F81610C1DB22B7C00275B19 /* Recommend */ = {
			isa = PBXGroup;
			children = (
				1F4EB8441DDD60D300A1B329 /* CHTCollectionViewWaterfallLayout.swift */,
				1F81610D1DB22BA900275B19 /* MSJRecommendViewController.swift */,
				1F8161171DB2617600275B19 /* MSJRecommendTopReusableView.swift */,
				1F81611B1DB264D200275B19 /* MSJRecommendTopReusableLayout.swift */,
				3983C20E1DF84014009868D3 /* MSJRecommendCommonHeaderReusableView.swift */,
				3983C20F1DF84014009868D3 /* MSJRecommendCommonHeaderReusableView.xib */,
				1F8161321DB2809700275B19 /* MSJRecommendTopCell.swift */,
				1F8161341DB2813700275B19 /* MSJRecommendTopList.swift */,
				1F8161361DB2815200275B19 /* MSJRecommendTopListCell.swift */,
				1F8161371DB2815200275B19 /* MSJRecommendTopListCell.xib */,
				1F8161191DB2618E00275B19 /* MSJRecommendCommonReusableView.swift */,
				1FE4422E1DE2F47E0034D30A /* MSJRecommendFirstSectionCell.swift */,
				1FE4422F1DE2F47E0034D30A /* MSJRecommendFirstSectionCell.xib */,
				398FA3C71E0260D9002DC320 /* MSJRecommendAdCell.swift */,
				9D3A8B621E064C0F005E4062 /* MSJRecommendSmallCell.swift */,
				9D3A8B631E064C0F005E4062 /* MSJRecommendSmallCell.xib */,
			);
			path = Recommend;
			sourceTree = "<group>";
		};
		1F8161211DB2690800275B19 /* Extention */ = {
			isa = PBXGroup;
			children = (
				1F81613E1DB289AD00275B19 /* UIColor+Extention.swift */,
			);
			path = Extention;
			sourceTree = "<group>";
		};
		39DF30751DF968E40085CDCB /* Tool */ = {
			isa = PBXGroup;
			children = (
				39DF307A1DF96A4E0085CDCB /* MSJCycleAdView.swift */,
			);
			path = Tool;
			sourceTree = "<group>";
		};
		6503440B761C0850A6C163B9 /* Frameworks */ = {
			isa = PBXGroup;
			children = (
				641353B39579F5A3BE066CAF /* Pods_MySwiftApp.framework */,
			);
			name = Frameworks;
			sourceTree = "<group>";
		};
		673D3100D348438150B5B01D /* Pods */ = {
			isa = PBXGroup;
			children = (
				FD00FC7B896548CA61AC1021 /* Pods-MySwiftApp.debug.xcconfig */,
				4AE2F3C11080BA689AA760C6 /* Pods-MySwiftApp.release.xcconfig */,
			);
			name = Pods;
			sourceTree = "<group>";
		};
/* End PBXGroup section */

/* Begin PBXNativeTarget section */
		1F7290C91DB0BFDE00EF2E8E /* MySwiftApp */ = {
			isa = PBXNativeTarget;
			buildConfigurationList = 1F7290DC1DB0BFDE00EF2E8E /* Build configuration list for PBXNativeTarget "MySwiftApp" */;
			buildPhases = (
				385FDED5D94538E387BF78D6 /* [CP] Check Pods Manifest.lock */,
				1F7290C61DB0BFDE00EF2E8E /* Sources */,
				1F7290C71DB0BFDE00EF2E8E /* Frameworks */,
				1F7290C81DB0BFDE00EF2E8E /* Resources */,
				5210FE6DCFAC97B448E79EF4 /* [CP] Embed Pods Frameworks */,
				29909E65735EBE34A8CB7FCC /* [CP] Copy Pods Resources */,
			);
			buildRules = (
			);
			dependencies = (
			);
			name = MySwiftApp;
			productName = MySwiftApp;
			productReference = 1F7290CA1DB0BFDE00EF2E8E /* MySwiftApp.app */;
			productType = "com.apple.product-type.application";
		};
/* End PBXNativeTarget section */

/* Begin PBXProject section */
		1F7290C21DB0BFDE00EF2E8E /* Project object */ = {
			isa = PBXProject;
			attributes = {
				LastSwiftUpdateCheck = 0800;
				LastUpgradeCheck = 0800;
				ORGANIZATIONNAME = Nododo;
				TargetAttributes = {
					1F7290C91DB0BFDE00EF2E8E = {
						CreatedOnToolsVersion = 8.0;
						LastSwiftMigration = 0800;
						ProvisioningStyle = Automatic;
					};
				};
			};
			buildConfigurationList = 1F7290C51DB0BFDE00EF2E8E /* Build configuration list for PBXProject "MySwiftApp" */;
			compatibilityVersion = "Xcode 3.2";
			developmentRegion = English;
			hasScannedForEncodings = 0;
			knownRegions = (
				en,
				Base,
			);
			mainGroup = 1F7290C11DB0BFDE00EF2E8E;
			productRefGroup = 1F7290CB1DB0BFDE00EF2E8E /* Products */;
			projectDirPath = "";
			projectRoot = "";
			targets = (
				1F7290C91DB0BFDE00EF2E8E /* MySwiftApp */,
			);
		};
/* End PBXProject section */

/* Begin PBXResourcesBuildPhase section */
		1F7290C81DB0BFDE00EF2E8E /* Resources */ = {
			isa = PBXResourcesBuildPhase;
			buildActionMask = 2147483647;
			files = (
				1F7290D81DB0BFDE00EF2E8E /* LaunchScreen.storyboard in Resources */,
				1FE442311DE2F47E0034D30A /* MSJRecommendFirstSectionCell.xib in Resources */,
				1F8161391DB2815200275B19 /* MSJRecommendTopListCell.xib in Resources */,
				3983C2111DF84014009868D3 /* MSJRecommendCommonHeaderReusableView.xib in Resources */,
				1F7290D51DB0BFDE00EF2E8E /* Assets.xcassets in Resources */,
				9D3A8B651E064C0F005E4062 /* MSJRecommendSmallCell.xib in Resources */,
				1F7290D31DB0BFDE00EF2E8E /* Main.storyboard in Resources */,
			);
			runOnlyForDeploymentPostprocessing = 0;
		};
/* End PBXResourcesBuildPhase section */

/* Begin PBXShellScriptBuildPhase section */
		29909E65735EBE34A8CB7FCC /* [CP] Copy Pods Resources */ = {
			isa = PBXShellScriptBuildPhase;
			buildActionMask = 2147483647;
			files = (
			);
			inputPaths = (
			);
			name = "[CP] Copy Pods Resources";
			outputPaths = (
			);
			runOnlyForDeploymentPostprocessing = 0;
			shellPath = /bin/sh;
			shellScript = "\"${SRCROOT}/Pods/Target Support Files/Pods-MySwiftApp/Pods-MySwiftApp-resources.sh\"\n";
			showEnvVarsInLog = 0;
		};
		385FDED5D94538E387BF78D6 /* [CP] Check Pods Manifest.lock */ = {
			isa = PBXShellScriptBuildPhase;
			buildActionMask = 2147483647;
			files = (
			);
			inputPaths = (
			);
			name = "[CP] Check Pods Manifest.lock";
			outputPaths = (
			);
			runOnlyForDeploymentPostprocessing = 0;
			shellPath = /bin/sh;
			shellScript = "diff \"${PODS_ROOT}/../Podfile.lock\" \"${PODS_ROOT}/Manifest.lock\" > /dev/null\nif [ $? != 0 ] ; then\n    # print error to STDERR\n    echo \"error: The sandbox is not in sync with the Podfile.lock. Run 'pod install' or update your CocoaPods installation.\" >&2\n    exit 1\nfi\n";
			showEnvVarsInLog = 0;
		};
		5210FE6DCFAC97B448E79EF4 /* [CP] Embed Pods Frameworks */ = {
			isa = PBXShellScriptBuildPhase;
			buildActionMask = 2147483647;
			files = (
			);
			inputPaths = (
			);
			name = "[CP] Embed Pods Frameworks";
			outputPaths = (
			);
			runOnlyForDeploymentPostprocessing = 0;
			shellPath = /bin/sh;
			shellScript = "\"${SRCROOT}/Pods/Target Support Files/Pods-MySwiftApp/Pods-MySwiftApp-frameworks.sh\"\n";
			showEnvVarsInLog = 0;
		};
/* End PBXShellScriptBuildPhase section */

/* Begin PBXSourcesBuildPhase section */
		1F7290C61DB0BFDE00EF2E8E /* Sources */ = {
			isa = PBXSourcesBuildPhase;
			buildActionMask = 2147483647;
			files = (
				1F81611A1DB2618E00275B19 /* MSJRecommendCommonReusableView.swift in Sources */,
				1F4EB8451DDD60D300A1B329 /* CHTCollectionViewWaterfallLayout.swift in Sources */,
				398FA3C81E0260D9002DC320 /* MSJRecommendAdCell.swift in Sources */,
				9D3A8B641E064C0F005E4062 /* MSJRecommendSmallCell.swift in Sources */,
				1F8161351DB2813700275B19 /* MSJRecommendTopList.swift in Sources */,
				39DF307B1DF96A4E0085CDCB /* MSJCycleAdView.swift in Sources */,
				1F81610E1DB22BA900275B19 /* MSJRecommendViewController.swift in Sources */,
				3983C2101DF84014009868D3 /* MSJRecommendCommonHeaderReusableView.swift in Sources */,
				1F8161181DB2617600275B19 /* MSJRecommendTopReusableView.swift in Sources */,
				1F8161331DB2809700275B19 /* MSJRecommendTopCell.swift in Sources */,
				1FE442301DE2F47E0034D30A /* MSJRecommendFirstSectionCell.swift in Sources */,
				1F6DF5031DB0C613006C885E /* MSJBaseViewController.swift in Sources */,
				1F7290CE1DB0BFDE00EF2E8E /* AppDelegate.swift in Sources */,
				1F81613F1DB289AD00275B19 /* UIColor+Extention.swift in Sources */,
				1F81611C1DB264D200275B19 /* MSJRecommendTopReusableLayout.swift in Sources */,
				1F8161381DB2815200275B19 /* MSJRecommendTopListCell.swift in Sources */,
			);
			runOnlyForDeploymentPostprocessing = 0;
		};
/* End PBXSourcesBuildPhase section */

/* Begin PBXVariantGroup section */
		1F7290D11DB0BFDE00EF2E8E /* Main.storyboard */ = {
			isa = PBXVariantGroup;
			children = (
				1F7290D21DB0BFDE00EF2E8E /* Base */,
			);
			name = Main.storyboard;
			sourceTree = "<group>";
		};
		1F7290D61DB0BFDE00EF2E8E /* LaunchScreen.storyboard */ = {
			isa = PBXVariantGroup;
			children = (
				1F7290D71DB0BFDE00EF2E8E /* Base */,
			);
			name = LaunchScreen.storyboard;
			path = ..;
			sourceTree = "<group>";
		};
/* End PBXVariantGroup section */

/* Begin XCBuildConfiguration section */
		1F7290DA1DB0BFDE00EF2E8E /* Debug */ = {
			isa = XCBuildConfiguration;
			buildSettings = {
				ALWAYS_SEARCH_USER_PATHS = NO;
				CLANG_ANALYZER_NONNULL = YES;
				CLANG_CXX_LANGUAGE_STANDARD = "gnu++0x";
				CLANG_CXX_LIBRARY = "libc++";
				CLANG_ENABLE_MODULES = YES;
				CLANG_ENABLE_OBJC_ARC = YES;
				CLANG_WARN_BOOL_CONVERSION = YES;
				CLANG_WARN_CONSTANT_CONVERSION = YES;
				CLANG_WARN_DIRECT_OBJC_ISA_USAGE = YES_ERROR;
				CLANG_WARN_DOCUMENTATION_COMMENTS = YES;
				CLANG_WARN_EMPTY_BODY = YES;
				CLANG_WARN_ENUM_CONVERSION = YES;
				CLANG_WARN_INFINITE_RECURSION = YES;
				CLANG_WARN_INT_CONVERSION = YES;
				CLANG_WARN_OBJC_ROOT_CLASS = YES_ERROR;
				CLANG_WARN_SUSPICIOUS_MOVES = YES;
				CLANG_WARN_UNREACHABLE_CODE = YES;
				CLANG_WARN__DUPLICATE_METHOD_MATCH = YES;
				"CODE_SIGN_IDENTITY[sdk=iphoneos*]" = "iPhone Developer";
				COPY_PHASE_STRIP = NO;
				DEBUG_INFORMATION_FORMAT = dwarf;
				ENABLE_STRICT_OBJC_MSGSEND = YES;
				ENABLE_TESTABILITY = YES;
				GCC_C_LANGUAGE_STANDARD = gnu99;
				GCC_DYNAMIC_NO_PIC = NO;
				GCC_NO_COMMON_BLOCKS = YES;
				GCC_OPTIMIZATION_LEVEL = 0;
				GCC_PREPROCESSOR_DEFINITIONS = (
					"DEBUG=1",
					"$(inherited)",
				);
				GCC_WARN_64_TO_32_BIT_CONVERSION = YES;
				GCC_WARN_ABOUT_RETURN_TYPE = YES_ERROR;
				GCC_WARN_UNDECLARED_SELECTOR = YES;
				GCC_WARN_UNINITIALIZED_AUTOS = YES_AGGRESSIVE;
				GCC_WARN_UNUSED_FUNCTION = YES;
				GCC_WARN_UNUSED_VARIABLE = YES;
				IPHONEOS_DEPLOYMENT_TARGET = 10.0;
				MTL_ENABLE_DEBUG_INFO = YES;
				ONLY_ACTIVE_ARCH = YES;
				SDKROOT = iphoneos;
				SWIFT_ACTIVE_COMPILATION_CONDITIONS = DEBUG;
				SWIFT_OPTIMIZATION_LEVEL = "-Onone";
				SWIFT_VERSION = 3.0;
			};
			name = Debug;
		};
		1F7290DB1DB0BFDE00EF2E8E /* Release */ = {
			isa = XCBuildConfiguration;
			buildSettings = {
				ALWAYS_SEARCH_USER_PATHS = NO;
				CLANG_ANALYZER_NONNULL = YES;
				CLANG_CXX_LANGUAGE_STANDARD = "gnu++0x";
				CLANG_CXX_LIBRARY = "libc++";
				CLANG_ENABLE_MODULES = YES;
				CLANG_ENABLE_OBJC_ARC = YES;
				CLANG_WARN_BOOL_CONVERSION = YES;
				CLANG_WARN_CONSTANT_CONVERSION = YES;
				CLANG_WARN_DIRECT_OBJC_ISA_USAGE = YES_ERROR;
				CLANG_WARN_DOCUMENTATION_COMMENTS = YES;
				CLANG_WARN_EMPTY_BODY = YES;
				CLANG_WARN_ENUM_CONVERSION = YES;
				CLANG_WARN_INFINITE_RECURSION = YES;
				CLANG_WARN_INT_CONVERSION = YES;
				CLANG_WARN_OBJC_ROOT_CLASS = YES_ERROR;
				CLANG_WARN_SUSPICIOUS_MOVES = YES;
				CLANG_WARN_UNREACHABLE_CODE = YES;
				CLANG_WARN__DUPLICATE_METHOD_MATCH = YES;
				"CODE_SIGN_IDENTITY[sdk=iphoneos*]" = "iPhone Developer";
				COPY_PHASE_STRIP = NO;
				DEBUG_INFORMATION_FORMAT = "dwarf-with-dsym";
				ENABLE_NS_ASSERTIONS = NO;
				ENABLE_STRICT_OBJC_MSGSEND = YES;
				GCC_C_LANGUAGE_STANDARD = gnu99;
				GCC_NO_COMMON_BLOCKS = YES;
				GCC_WARN_64_TO_32_BIT_CONVERSION = YES;
				GCC_WARN_ABOUT_RETURN_TYPE = YES_ERROR;
				GCC_WARN_UNDECLARED_SELECTOR = YES;
				GCC_WARN_UNINITIALIZED_AUTOS = YES_AGGRESSIVE;
				GCC_WARN_UNUSED_FUNCTION = YES;
				GCC_WARN_UNUSED_VARIABLE = YES;
				IPHONEOS_DEPLOYMENT_TARGET = 10.0;
				MTL_ENABLE_DEBUG_INFO = NO;
				SDKROOT = iphoneos;
				SWIFT_OPTIMIZATION_LEVEL = "-Owholemodule";
				SWIFT_VERSION = 3.0;
				VALIDATE_PRODUCT = YES;
			};
			name = Release;
		};
		1F7290DD1DB0BFDE00EF2E8E /* Debug */ = {
			isa = XCBuildConfiguration;
			baseConfigurationReference = FD00FC7B896548CA61AC1021 /* Pods-MySwiftApp.debug.xcconfig */;
			buildSettings = {
				ASSETCATALOG_COMPILER_APPICON_NAME = AppIcon;
				INFOPLIST_FILE = MySwiftApp/Info.plist;
				LD_RUNPATH_SEARCH_PATHS = "$(inherited) @executable_path/Frameworks";
				PRODUCT_BUNDLE_IDENTIFIER = com.nododo.www.MySwiftApp;
				PRODUCT_NAME = "$(TARGET_NAME)";
				SWIFT_VERSION = 3.0;
			};
			name = Debug;
		};
		1F7290DE1DB0BFDE00EF2E8E /* Release */ = {
			isa = XCBuildConfiguration;
			baseConfigurationReference = 4AE2F3C11080BA689AA760C6 /* Pods-MySwiftApp.release.xcconfig */;
			buildSettings = {
				ASSETCATALOG_COMPILER_APPICON_NAME = AppIcon;
				INFOPLIST_FILE = MySwiftApp/Info.plist;
				LD_RUNPATH_SEARCH_PATHS = "$(inherited) @executable_path/Frameworks";
				PRODUCT_BUNDLE_IDENTIFIER = com.nododo.www.MySwiftApp;
				PRODUCT_NAME = "$(TARGET_NAME)";
				SWIFT_VERSION = 3.0;
			};
			name = Release;
		};
/* End XCBuildConfiguration section */

/* Begin XCConfigurationList section */
		1F7290C51DB0BFDE00EF2E8E /* Build configuration list for PBXProject "MySwiftApp" */ = {
			isa = XCConfigurationList;
			buildConfigurations = (
				1F7290DA1DB0BFDE00EF2E8E /* Debug */,
				1F7290DB1DB0BFDE00EF2E8E /* Release */,
			);
			defaultConfigurationIsVisible = 0;
			defaultConfigurationName = Release;
		};
		1F7290DC1DB0BFDE00EF2E8E /* Build configuration list for PBXNativeTarget "MySwiftApp" */ = {
			isa = XCConfigurationList;
			buildConfigurations = (
				1F7290DD1DB0BFDE00EF2E8E /* Debug */,
				1F7290DE1DB0BFDE00EF2E8E /* Release */,
			);
			defaultConfigurationIsVisible = 0;
			defaultConfigurationName = Release;
		};
/* End XCConfigurationList section */
	};
	rootObject = 1F7290C21DB0BFDE00EF2E8E /* Project object */;
}
